# This file is autogenerated, do not edit; changes may be undone by the next 'dep ensure'.


[[projects]]
  branch = "master"
  name = "golang.org/x/net"
  packages = ["context","context/ctxhttp"]
  revision = "01c190206fbdffa42f334f4b2bf2220f50e64920"

[[projects]]
  branch = "master"
  name = "googlemaps.github.io/maps"
  packages = [".","internal"]
  revision = "da8b5a37599fe526eb41b84489aa6c188c5c03dc"

[solve-meta]
  analyzer-name = "dep"
  analyzer-version = 1
  inputs-digest = "94be94f59bc111534d642837031768fd643fb8b78f71440b6db7ecf3bc8d2b46"
  solver-name = "gps-cdcl"
  solver-version = 1
