# This file is autogenerated, do not edit; changes may be undone by the next 'dep ensure'.


[[projects]]
  branch = "master"
  name = "go.avalanche.space/lyft-go"
  packages = [".","auth","auth/threeleg"]
  revision = "a90691fce3afac75ecdeb13a3113eb0f33ab109a"

[[projects]]
  branch = "master"
  name = "golang.org/x/net"
  packages = ["context","context/ctxhttp"]
  revision = "a337091b0525af65de94df2eb7e98bd9962dcbe2"

[[projects]]
  branch = "master"
  name = "googlemaps.github.io/maps"
  packages = [".","internal"]
  revision = "da8b5a37599fe526eb41b84489aa6c188c5c03dc"

[solve-meta]
  analyzer-name = "dep"
  analyzer-version = 1
  inputs-digest = "7070e8c77e561180754e98f4545be505b3f44a61a10f0b06d206cbf25886abda"
  solver-name = "gps-cdcl"
  solver-version = 1
